{
  "nodes": {
    "crane": {
      "inputs": {
        "flake-compat": "flake-compat",
        "flake-utils": [
          "flake-utils"
        ],
        "nixpkgs": [
          "nixpkgs"
        ],
        "rust-overlay": [
          "rust-overlay"
        ]
      },
      "locked": {
        "lastModified": 1690649529,
        "narHash": "sha256-giSGGYFvnGgUWGBmjy1WbfWMms4VV+iD04A12btD7O0=",
        "owner": "Mic92",
        "repo": "crane",
        "rev": "5735a1dfba1d45fea55ed0bc35fb077aec584883",
        "type": "github"
      },
      "original": {
        "owner": "Mic92",
        "ref": "allow-output-hashes",
        "repo": "crane",
        "type": "github"
      }
    },
    "disko": {
      "inputs": {
        "nixpkgs": [
          "nixpkgs"
        ]
      },
      "locked": {
        "lastModified": 1692199161,
        "narHash": "sha256-GqKApvQ1JCf5DzH/Q+P4nwuHb6MaQGaWTu41lYzveF4=",
        "owner": "nix-community",
        "repo": "disko",
        "rev": "4eed2457b053c4bbad7d90d2b3a1d539c2c9009c",
        "type": "github"
      },
      "original": {
        "owner": "nix-community",
        "repo": "disko",
        "type": "github"
      }
    },
    "flake-compat": {
      "flake": false,
      "locked": {
        "lastModified": 1673956053,
        "narHash": "sha256-4gtG9iQuiKITOjNQQeQIpoIB6b16fm+504Ch3sNKLd8=",
        "owner": "edolstra",
        "repo": "flake-compat",
        "rev": "35bb57c0c8d8b62bbfd284272c928ceb64ddbde9",
        "type": "github"
      },
      "original": {
        "owner": "edolstra",
        "repo": "flake-compat",
        "type": "github"
      }
    },
    "flake-parts": {
      "inputs": {
        "nixpkgs-lib": [
          "nixpkgs"
        ]
      },
      "locked": {
        "lastModified": 1690933134,
        "narHash": "sha256-ab989mN63fQZBFrkk4Q8bYxQCktuHmBIBqUG1jl6/FQ=",
        "owner": "hercules-ci",
        "repo": "flake-parts",
        "rev": "59cf3f1447cfc75087e7273b04b31e689a8599fb",
        "type": "github"
      },
      "original": {
        "owner": "hercules-ci",
        "repo": "flake-parts",
        "type": "github"
      }
    },
    "flake-utils": {
      "inputs": {
        "systems": [
          "systems"
        ]
      },
      "locked": {
        "lastModified": 1692799911,
        "narHash": "sha256-3eihraek4qL744EvQXsK1Ha6C3CR7nnT8X2qWap4RNk=",
        "owner": "numtide",
        "repo": "flake-utils",
        "rev": "f9e7cf818399d17d347f847525c5a5a8032e4e44",
        "type": "github"
      },
      "original": {
        "owner": "numtide",
        "repo": "flake-utils",
        "type": "github"
      }
    },
    "nixos-2305": {
      "locked": {
        "lastModified": 1687938137,
        "narHash": "sha256-Z00c0Pk3aE1aw9x44lVcqHmvx+oX7dxCXCvKcUuE150=",
        "owner": "NixOS",
        "repo": "nixpkgs",
        "rev": "ba2ded3227a2992f2040fad4ba6f218a701884a5",
        "type": "github"
      },
      "original": {
        "owner": "NixOS",
        "ref": "release-23.05",
        "repo": "nixpkgs",
        "type": "github"
      }
    },
    "nixos-2305_2": {
      "locked": {
        "lastModified": 1691214239,
        "narHash": "sha256-GcV1Ona0M8CpS0X6K9ZksWht9HUWXP+k4S0/zk02VmQ=",
        "owner": "Mic92",
        "repo": "nixpkgs",
        "rev": "831724726ba052189092f52ae0774dd406d657bb",
        "type": "github"
      },
      "original": {
        "owner": "Mic92",
        "ref": "netboot-fix-backport",
        "repo": "nixpkgs",
        "type": "github"
      }
    },
    "nixos-anywhere": {
      "inputs": {
        "disko": [
          "disko"
        ],
        "flake-parts": [
          "flake-parts"
        ],
        "nixos-2305": "nixos-2305",
        "nixos-images": [
          "nixos-images"
        ],
        "nixpkgs": [
          "nixpkgs"
        ],
        "treefmt-nix": [
          "treefmt-nix"
        ]
      },
      "locked": {
        "lastModified": 1692706752,
        "narHash": "sha256-6LsN8Zzu6SRDG5f7dEvUA9c9sweUTrXHfQMOK+31Glo=",
        "owner": "numtide",
        "repo": "nixos-anywhere",
        "rev": "2b06f6c09e7a5e727c7562f832532f8f559ad13c",
        "type": "github"
      },
      "original": {
        "owner": "numtide",
        "repo": "nixos-anywhere",
        "type": "github"
      }
    },
    "nixos-images": {
      "inputs": {
        "nixos-2305": "nixos-2305_2",
        "nixos-unstable": "nixos-unstable"
      },
      "locked": {
        "lastModified": 1693074173,
        "narHash": "sha256-EMnUopkh4bBeCxTwb1ypdmOBU5qA4myXUm2/GorLTHo=",
        "owner": "nix-community",
        "repo": "nixos-images",
        "rev": "32c29d4ec719161e9f776f8b7c8004d859219834",
        "type": "github"
      },
      "original": {
        "owner": "nix-community",
        "repo": "nixos-images",
        "type": "github"
      }
    },
    "nixos-unstable": {
      "locked": {
        "lastModified": 1691180400,
        "narHash": "sha256-3XvIucYLBKM9xML1QH4fGSB9HFQ3me36ejJo9gTyuDE=",
        "owner": "Mic92",
        "repo": "nixpkgs",
        "rev": "52a39dea62074a5d47001e86646f71dff78ffcad",
        "type": "github"
      },
      "original": {
        "owner": "Mic92",
        "ref": "netboot-fix",
        "repo": "nixpkgs",
        "type": "github"
      }
    },
    "nixpkgs": {
      "locked": {
        "lastModified": 1693070341,
        "narHash": "sha256-6qmVJpnO0Mg2kQvPOR3wQiFlTZXzcpA8leVWuPmvMdo=",
        "owner": "NixOS",
        "repo": "nixpkgs",
        "rev": "5a77c45f2519143e22582285eb0c660be38b104a",
        "type": "github"
      },
      "original": {
        "owner": "NixOS",
        "ref": "nixos-unstable-small",
        "repo": "nixpkgs",
        "type": "github"
      }
    },
    "nixpkgs_2": {
      "locked": {
        "lastModified": 1691654369,
        "narHash": "sha256-gSILTEx1jRaJjwZxRlnu3ZwMn1FVNk80qlwiCX8kmpo=",
        "owner": "nixos",
        "repo": "nixpkgs",
        "rev": "ce5e4a6ef2e59d89a971bc434ca8ca222b9c7f5e",
        "type": "github"
      },
      "original": {
        "owner": "nixos",
        "ref": "nixos-unstable",
        "repo": "nixpkgs",
        "type": "github"
      }
    },
    "root": {
      "inputs": {
        "crane": "crane",
        "disko": "disko",
        "flake-parts": "flake-parts",
        "flake-utils": "flake-utils",
        "nixos-anywhere": "nixos-anywhere",
        "nixos-images": "nixos-images",
        "nixpkgs": "nixpkgs",
        "rust-overlay": "rust-overlay",
        "srvos": "srvos",
        "systems": "systems",
        "treefmt-nix": "treefmt-nix"
      }
    },
    "rust-overlay": {
      "inputs": {
        "flake-utils": [
          "flake-utils"
        ],
        "nixpkgs": [
          "nixpkgs"
        ]
      },
      "locked": {
        "lastModified": 1693102271,
        "narHash": "sha256-JuxJYl7zZ9FUOA/3Az5OPYWQfH9Y8SvtqqFnPKB6zUw=",
        "owner": "oxalica",
        "repo": "rust-overlay",
        "rev": "1aac4029cfbc529f8b39c96d29fe1d09338f9110",
        "type": "github"
      },
      "original": {
        "owner": "oxalica",
        "repo": "rust-overlay",
        "type": "github"
      }
    },
    "srvos": {
      "inputs": {
        "nixpkgs": [
          "nixpkgs"
        ]
      },
      "locked": {
        "lastModified": 1692865882,
        "narHash": "sha256-IBj5AnUi6m9OMgJQyhl96Ugh5QNnz5ycgV98ODv8Kvs=",
        "owner": "numtide",
        "repo": "srvos",
        "rev": "02555108126833bc35ef85bccc1dad469f8bf5dc",
        "type": "github"
      },
      "original": {
        "owner": "numtide",
        "repo": "srvos",
        "type": "github"
      }
    },
    "systems": {
      "locked": {
        "lastModified": 1681028828,
        "narHash": "sha256-Vy1rq5AaRuLzOxct8nz4T6wlgyUR7zLU309k9mBC768=",
        "owner": "nix-systems",
        "repo": "default",
        "rev": "da67096a3b9bf56a91d16901293e51ba5b49a27e",
        "type": "github"
      },
      "original": {
        "owner": "nix-systems",
        "repo": "default",
        "type": "github"
      }
    },
    "treefmt-nix": {
      "inputs": {
        "nixpkgs": "nixpkgs_2"
      },
      "locked": {
        "lastModified": 1692972530,
        "narHash": "sha256-LG+M7TjlLJ1lx2qbD1yaexvue1VAatpVandtHVEN5Lc=",
        "owner": "numtide",
        "repo": "treefmt-nix",
        "rev": "843e1e1b01ac7c9e858368fffd1692cbbdbe4a0e",
        "type": "github"
      },
      "original": {
        "owner": "numtide",
        "repo": "treefmt-nix",
        "type": "github"
      }
    }
  },
  "root": "root",
  "version": 7
}
